{
    "_meta": {
        "hash": {
            "sha256": "36aec44cf0ae9eee3c6372485bba35a3783b5a8f3ab19879dfde33cb72b0e040"
        },
        "pipfile-spec": 6,
        "requires": {
            "python_version": "3.10"
        },
        "sources": [
            {
                "name": "pypi",
                "url": "https://pypi.org/simple",
                "verify_ssl": true
            }
        ]
    },
    "default": {
        "pyside6": {
            "hashes": [
                "sha256:4656853a34bea096bb0a1f74e22607f99cca6e68d55a4f86a73770c5ec74565e",
                "sha256:5e79a476fe05f303c1aadf6be7d31c486e6064319393ad1519f1f3f114296571",
                "sha256:d18f4d5ad2d4921dbb47166d3fce11a2eca1c83b670e210f983d60871d2e6bdb"
            ],
            "index": "pypi",
            "version": "==6.2.4"
        },
        "shiboken6": {
            "hashes": [
                "sha256:05f4652dda7043b1a04265cabc1709c22d643d204fac2c4b0ccf7d0044092c62",
                "sha256:5030b6314ef504cc5d93d272aaef4e0ccb256324caa2de965c88d32c994d98b2",
                "sha256:8eb2ed2ba8ec3f6505cf80b81c7e85d996165a9e4664f99675ecc8a82b7b3c36"
            ],
            "markers": "python_version < '3.11' and python_version >= '3.6'",
            "version": "==6.2.4"
        }
    },
    "develop": {}
}
